PODS:
  - IrisSDKStatic (0.0.1):
    - OneSignal (~> 2.11.0)
    - PlotPlugin (= 2.3.1)
  - OneSignal (2.11.2)
  - PlotPlugin (2.3.1)

DEPENDENCIES:
  - IrisSDKStatic

SPEC REPOS:
  trunk:
    - IrisSDKStatic
    - OneSignal
    - PlotPlugin

SPEC CHECKSUMS:
  IrisSDKStatic: 169d04ddcd758bf684bcc4164ae318c610f11725
  OneSignal: 4e3e68bb6c29975286a2fa910cb49132bc6e20bb
  PlotPlugin: 5bc143b2f3499b49268b297f0b0b8dfc1a0aada0

PODFILE CHECKSUM: 2ebccce8f9d9a31209ae68c57de44b4ce76205d0

COCOAPODS: 1.9.0.beta.2
